
Microsoft Visual Studio Solution File, Format Version 12.00
# Visual Studio 15
VisualStudioVersion = 15.0.28307.421
MinimumVisualStudioVersion = 10.0.40219.1
Project("{FAE04EC0-301F-11D3-BF4B-00C04F79EFBC}") = "OnlyDPDFull", "OnlyDPDFull\OnlyDPDFull.csproj", "{448FEA50-12B3-40CB-8ED4-4AC9E45515B3}"
EndProject
Global
	GlobalSection(SolutionConfigurationPlatforms) = preSolution
		Debug|Any CPU = Debug|Any CPU
		Release|Any CPU = Release|Any CPU
	EndGlobalSection
	GlobalSection(ProjectConfigurationPlatforms) = postSolution
		{448FEA50-12B3-40CB-8ED4-4AC9E45515B3}.Debug|Any CPU.ActiveCfg = Debug|Any CPU
		{448FEA50-12B3-40CB-8ED4-4AC9E45515B3}.Debug|Any CPU.Build.0 = Debug|Any CPU
		{448FEA50-12B3-40CB-8ED4-4AC9E45515B3}.Release|Any CPU.ActiveCfg = Release|Any CPU
		{448FEA50-12B3-40CB-8ED4-4AC9E45515B3}.Release|Any CPU.Build.0 = Release|Any CPU
	EndGlobalSection
	GlobalSection(SolutionProperties) = preSolution
		HideSolutionNode = FALSE
	EndGlobalSection
	GlobalSection(ExtensibilityGlobals) = postSolution
		SolutionGuid = {1FAC2940-4A92-46F1-A1DC-E25A8EFF9839}
	EndGlobalSection
EndGlobal
